[[package]]
name = "asgiref"
version = "3.8.1"
description = "ASGI specs, helper code, and adapters"
category = "main"
optional = false
python-versions = ">=3.8"

[package.dependencies]
typing-extensions = {version = ">=4", markers = "python_version < \"3.11\""}

[package.extras]
tests = ["pytest", "pytest-asyncio", "mypy (>=0.800)"]

[[package]]
name = "django"
version = "5.0.6"
description = "A high-level Python web framework that encourages rapid development and clean, pragmatic design."
category = "main"
optional = false
python-versions = ">=3.10"

[package.dependencies]
asgiref = ">=3.7.0,<4"
sqlparse = ">=0.3.1"
tzdata = {version = "*", markers = "sys_platform == \"win32\""}

[package.extras]
argon2 = ["argon2-cffi (>=19.1.0)"]
bcrypt = ["bcrypt"]

[[package]]
name = "sqlparse"
version = "0.5.0"
description = "A non-validating SQL parser."
category = "main"
optional = false
python-versions = ">=3.8"

[package.extras]
dev = ["build", "hatch"]
doc = ["sphinx"]

[[package]]
name = "typing-extensions"
version = "4.12.0"
description = "Backported and Experimental Type Hints for Python 3.8+"
category = "main"
optional = false
python-versions = ">=3.8"

[[package]]
name = "tzdata"
version = "2024.1"
description = "Provider of IANA time zone data"
category = "main"
optional = false
python-versions = ">=2"

[metadata]
lock-version = "1.1"
python-versions = "^3.10"
content-hash = "c477d615f1e2b023cb050ab9126af294a4413c414de3892cc086ec1300de398c"

[metadata.files]
asgiref = []
django = []
sqlparse = []
typing-extensions = []
tzdata = []
